
Microsoft Visual Studio Solution File, Format Version 12.00
# Visual Studio 15
VisualStudioVersion = 15.0.28307.168
MinimumVisualStudioVersion = 10.0.40219.1
Project("{FAE04EC0-301F-11D3-BF4B-00C04F79EFBC}") = "GraphQLBoilerplate", "GraphQLBoilerPlate\GraphQLBoilerplate.csproj", "{5D37CFA5-A062-4512-BC10-F280F4B22AE2}"
EndProject
Project("{FAE04EC0-301F-11D3-BF4B-00C04F79EFBC}") = "GraphQLBoilerplate.Models.Mafia", "GraphQLBoilerplate.Models.Mafia\GraphQLBoilerplate.Models.Mafia.csproj", "{55C4B1AA-1929-499A-A406-EA2CCD228959}"
EndProject
Global
	GlobalSection(SolutionConfigurationPlatforms) = preSolution
		Debug|Any CPU = Debug|Any CPU
		Release|Any CPU = Release|Any CPU
	EndGlobalSection
	GlobalSection(ProjectConfigurationPlatforms) = postSolution
		{5D37CFA5-A062-4512-BC10-F280F4B22AE2}.Debug|Any CPU.ActiveCfg = Debug|Any CPU
		{5D37CFA5-A062-4512-BC10-F280F4B22AE2}.Debug|Any CPU.Build.0 = Debug|Any CPU
		{5D37CFA5-A062-4512-BC10-F280F4B22AE2}.Release|Any CPU.ActiveCfg = Release|Any CPU
		{5D37CFA5-A062-4512-BC10-F280F4B22AE2}.Release|Any CPU.Build.0 = Release|Any CPU
		{55C4B1AA-1929-499A-A406-EA2CCD228959}.Debug|Any CPU.ActiveCfg = Debug|Any CPU
		{55C4B1AA-1929-499A-A406-EA2CCD228959}.Debug|Any CPU.Build.0 = Debug|Any CPU
		{55C4B1AA-1929-499A-A406-EA2CCD228959}.Release|Any CPU.ActiveCfg = Release|Any CPU
		{55C4B1AA-1929-499A-A406-EA2CCD228959}.Release|Any CPU.Build.0 = Release|Any CPU
	EndGlobalSection
	GlobalSection(SolutionProperties) = preSolution
		HideSolutionNode = FALSE
	EndGlobalSection
	GlobalSection(ExtensibilityGlobals) = postSolution
		SolutionGuid = {EFD3F4BF-46F7-466C-BA67-87D9F9406022}
	EndGlobalSection
EndGlobal
